
Microsoft Visual Studio Solution File, Format Version 12.00
# Visual Studio Version 16
VisualStudioVersion = 16.0.31727.386
MinimumVisualStudioVersion = 10.0.40219.1
Project("{FAE04EC0-301F-11D3-BF4B-00C04F79EFBC}") = "TokenFinderConsole", "TokenFinderConsole.csproj", "{4B2E941E-40BB-48D6-BC0D-72F34BD74562}"
EndProject
Global
	GlobalSection(SolutionConfigurationPlatforms) = preSolution
		Debug|Any CPU = Debug|Any CPU
		Release|Any CPU = Release|Any CPU
	EndGlobalSection
	GlobalSection(ProjectConfigurationPlatforms) = postSolution
		{4B2E941E-40BB-48D6-BC0D-72F34BD74562}.Debug|Any CPU.ActiveCfg = Debug|Any CPU
		{4B2E941E-40BB-48D6-BC0D-72F34BD74562}.Debug|Any CPU.Build.0 = Debug|Any CPU
		{4B2E941E-40BB-48D6-BC0D-72F34BD74562}.Release|Any CPU.ActiveCfg = Release|Any CPU
		{4B2E941E-40BB-48D6-BC0D-72F34BD74562}.Release|Any CPU.Build.0 = Release|Any CPU
	EndGlobalSection
	GlobalSection(SolutionProperties) = preSolution
		HideSolutionNode = FALSE
	EndGlobalSection
	GlobalSection(ExtensibilityGlobals) = postSolution
		SolutionGuid = {76600790-3C66-4FBE-8817-9D947D107898}
	EndGlobalSection
EndGlobal
